
Microsoft Visual Studio Solution File, Format Version 12.00
# Visual Studio Version 17
VisualStudioVersion = 17.10.35027.167
MinimumVisualStudioVersion = 10.0.40219.1
Project("{9A19103F-16F7-4668-BE54-9A1E7A4F7556}") = "GenAIPlayGround", "GenAIPlayGround\GenAIPlayGround.csproj", "{035E834C-DF23-403F-96D1-1C07B4EA88FD}"
EndProject
Project("{FAE04EC0-301F-11D3-BF4B-00C04F79EFBC}") = "Rapid.AI.Ollama.Framework", "Rapid.AI.Ollama.Framework\Rapid.AI.Ollama.Framework.csproj", "{2CF96D16-2110-4D09-919A-4EB789592061}"
EndProject
Global
	GlobalSection(SolutionConfigurationPlatforms) = preSolution
		Debug|Any CPU = Debug|Any CPU
		Release|Any CPU = Release|Any CPU
	EndGlobalSection
	GlobalSection(ProjectConfigurationPlatforms) = postSolution
		{035E834C-DF23-403F-96D1-1C07B4EA88FD}.Debug|Any CPU.ActiveCfg = Debug|Any CPU
		{035E834C-DF23-403F-96D1-1C07B4EA88FD}.Debug|Any CPU.Build.0 = Debug|Any CPU
		{035E834C-DF23-403F-96D1-1C07B4EA88FD}.Release|Any CPU.ActiveCfg = Release|Any CPU
		{035E834C-DF23-403F-96D1-1C07B4EA88FD}.Release|Any CPU.Build.0 = Release|Any CPU
		{2CF96D16-2110-4D09-919A-4EB789592061}.Debug|Any CPU.ActiveCfg = Debug|Any CPU
		{2CF96D16-2110-4D09-919A-4EB789592061}.Debug|Any CPU.Build.0 = Debug|Any CPU
		{2CF96D16-2110-4D09-919A-4EB789592061}.Release|Any CPU.ActiveCfg = Release|Any CPU
		{2CF96D16-2110-4D09-919A-4EB789592061}.Release|Any CPU.Build.0 = Release|Any CPU
	EndGlobalSection
	GlobalSection(SolutionProperties) = preSolution
		HideSolutionNode = FALSE
	EndGlobalSection
	GlobalSection(ExtensibilityGlobals) = postSolution
		SolutionGuid = {2F238BF1-625B-4E95-8A77-BB5833419B3F}
	EndGlobalSection
EndGlobal
